
Microsoft Visual Studio Solution File, Format Version 12.00
# Visual Studio Version 16
VisualStudioVersion = 16.0.28803.202
MinimumVisualStudioVersion = 10.0.40219.1
Project("{FAE04EC0-301F-11D3-BF4B-00C04F79EFBC}") = "FarmaciasTurno.Android", "FarmaciasTurno\FarmaciasTurno.Android\FarmaciasTurno.Android.csproj", "{05DBFA9C-B56D-4514-AD1C-CC32F6311641}"
EndProject
Project("{FAE04EC0-301F-11D3-BF4B-00C04F79EFBC}") = "FarmaciasTurno.iOS", "FarmaciasTurno\FarmaciasTurno.iOS\FarmaciasTurno.iOS.csproj", "{4BD652F9-FFA3-4CA2-B31D-A0D5517BB7B1}"
EndProject
Project("{FAE04EC0-301F-11D3-BF4B-00C04F79EFBC}") = "FarmaciasTurno", "FarmaciasTurno\FarmaciasTurno\FarmaciasTurno.csproj", "{2B5F3ACE-F136-408B-A478-DEDEBFE5F6F4}"
EndProject
Global
	GlobalSection(SolutionConfigurationPlatforms) = preSolution
		Debug|Any CPU = Debug|Any CPU
		Debug|iPhone = Debug|iPhone
		Debug|iPhoneSimulator = Debug|iPhoneSimulator
		Release|Any CPU = Release|Any CPU
		Release|iPhone = Release|iPhone
		Release|iPhoneSimulator = Release|iPhoneSimulator
	EndGlobalSection
	GlobalSection(ProjectConfigurationPlatforms) = postSolution
		{05DBFA9C-B56D-4514-AD1C-CC32F6311641}.Debug|Any CPU.ActiveCfg = Debug|Any CPU
		{05DBFA9C-B56D-4514-AD1C-CC32F6311641}.Debug|Any CPU.Build.0 = Debug|Any CPU
		{05DBFA9C-B56D-4514-AD1C-CC32F6311641}.Debug|Any CPU.Deploy.0 = Debug|Any CPU
		{05DBFA9C-B56D-4514-AD1C-CC32F6311641}.Debug|iPhone.ActiveCfg = Debug|Any CPU
		{05DBFA9C-B56D-4514-AD1C-CC32F6311641}.Debug|iPhone.Build.0 = Debug|Any CPU
		{05DBFA9C-B56D-4514-AD1C-CC32F6311641}.Debug|iPhone.Deploy.0 = Debug|Any CPU
		{05DBFA9C-B56D-4514-AD1C-CC32F6311641}.Debug|iPhoneSimulator.ActiveCfg = Debug|Any CPU
		{05DBFA9C-B56D-4514-AD1C-CC32F6311641}.Debug|iPhoneSimulator.Build.0 = Debug|Any CPU
		{05DBFA9C-B56D-4514-AD1C-CC32F6311641}.Debug|iPhoneSimulator.Deploy.0 = Debug|Any CPU
		{05DBFA9C-B56D-4514-AD1C-CC32F6311641}.Release|Any CPU.ActiveCfg = Release|Any CPU
		{05DBFA9C-B56D-4514-AD1C-CC32F6311641}.Release|Any CPU.Build.0 = Release|Any CPU
		{05DBFA9C-B56D-4514-AD1C-CC32F6311641}.Release|Any CPU.Deploy.0 = Release|Any CPU
		{05DBFA9C-B56D-4514-AD1C-CC32F6311641}.Release|iPhone.ActiveCfg = Release|Any CPU
		{05DBFA9C-B56D-4514-AD1C-CC32F6311641}.Release|iPhone.Build.0 = Release|Any CPU
		{05DBFA9C-B56D-4514-AD1C-CC32F6311641}.Release|iPhone.Deploy.0 = Release|Any CPU
		{05DBFA9C-B56D-4514-AD1C-CC32F6311641}.Release|iPhoneSimulator.ActiveCfg = Release|Any CPU
		{05DBFA9C-B56D-4514-AD1C-CC32F6311641}.Release|iPhoneSimulator.Build.0 = Release|Any CPU
		{05DBFA9C-B56D-4514-AD1C-CC32F6311641}.Release|iPhoneSimulator.Deploy.0 = Release|Any CPU
		{4BD652F9-FFA3-4CA2-B31D-A0D5517BB7B1}.Debug|Any CPU.ActiveCfg = Debug|iPhoneSimulator
		{4BD652F9-FFA3-4CA2-B31D-A0D5517BB7B1}.Debug|Any CPU.Build.0 = Debug|iPhoneSimulator
		{4BD652F9-FFA3-4CA2-B31D-A0D5517BB7B1}.Debug|Any CPU.Deploy.0 = Debug|iPhoneSimulator
		{4BD652F9-FFA3-4CA2-B31D-A0D5517BB7B1}.Debug|iPhone.ActiveCfg = Debug|iPhone
		{4BD652F9-FFA3-4CA2-B31D-A0D5517BB7B1}.Debug|iPhone.Build.0 = Debug|iPhone
		{4BD652F9-FFA3-4CA2-B31D-A0D5517BB7B1}.Debug|iPhone.Deploy.0 = Debug|iPhone
		{4BD652F9-FFA3-4CA2-B31D-A0D5517BB7B1}.Debug|iPhoneSimulator.ActiveCfg = Debug|iPhoneSimulator
		{4BD652F9-FFA3-4CA2-B31D-A0D5517BB7B1}.Debug|iPhoneSimulator.Build.0 = Debug|iPhoneSimulator
		{4BD652F9-FFA3-4CA2-B31D-A0D5517BB7B1}.Debug|iPhoneSimulator.Deploy.0 = Debug|iPhoneSimulator
		{4BD652F9-FFA3-4CA2-B31D-A0D5517BB7B1}.Release|Any CPU.ActiveCfg = Release|iPhone
		{4BD652F9-FFA3-4CA2-B31D-A0D5517BB7B1}.Release|Any CPU.Build.0 = Release|iPhone
		{4BD652F9-FFA3-4CA2-B31D-A0D5517BB7B1}.Release|Any CPU.Deploy.0 = Release|iPhone
		{4BD652F9-FFA3-4CA2-B31D-A0D5517BB7B1}.Release|iPhone.ActiveCfg = Release|iPhone
		{4BD652F9-FFA3-4CA2-B31D-A0D5517BB7B1}.Release|iPhone.Build.0 = Release|iPhone
		{4BD652F9-FFA3-4CA2-B31D-A0D5517BB7B1}.Release|iPhone.Deploy.0 = Release|iPhone
		{4BD652F9-FFA3-4CA2-B31D-A0D5517BB7B1}.Release|iPhoneSimulator.ActiveCfg = Release|iPhoneSimulator
		{4BD652F9-FFA3-4CA2-B31D-A0D5517BB7B1}.Release|iPhoneSimulator.Build.0 = Release|iPhoneSimulator
		{4BD652F9-FFA3-4CA2-B31D-A0D5517BB7B1}.Release|iPhoneSimulator.Deploy.0 = Release|iPhoneSimulator
		{2B5F3ACE-F136-408B-A478-DEDEBFE5F6F4}.Debug|Any CPU.ActiveCfg = Debug|Any CPU
		{2B5F3ACE-F136-408B-A478-DEDEBFE5F6F4}.Debug|Any CPU.Build.0 = Debug|Any CPU
		{2B5F3ACE-F136-408B-A478-DEDEBFE5F6F4}.Debug|Any CPU.Deploy.0 = Debug|Any CPU
		{2B5F3ACE-F136-408B-A478-DEDEBFE5F6F4}.Debug|iPhone.ActiveCfg = Debug|Any CPU
		{2B5F3ACE-F136-408B-A478-DEDEBFE5F6F4}.Debug|iPhone.Build.0 = Debug|Any CPU
		{2B5F3ACE-F136-408B-A478-DEDEBFE5F6F4}.Debug|iPhone.Deploy.0 = Debug|Any CPU
		{2B5F3ACE-F136-408B-A478-DEDEBFE5F6F4}.Debug|iPhoneSimulator.ActiveCfg = Debug|Any CPU
		{2B5F3ACE-F136-408B-A478-DEDEBFE5F6F4}.Debug|iPhoneSimulator.Build.0 = Debug|Any CPU
		{2B5F3ACE-F136-408B-A478-DEDEBFE5F6F4}.Debug|iPhoneSimulator.Deploy.0 = Debug|Any CPU
		{2B5F3ACE-F136-408B-A478-DEDEBFE5F6F4}.Release|Any CPU.ActiveCfg = Release|Any CPU
		{2B5F3ACE-F136-408B-A478-DEDEBFE5F6F4}.Release|Any CPU.Build.0 = Release|Any CPU
		{2B5F3ACE-F136-408B-A478-DEDEBFE5F6F4}.Release|Any CPU.Deploy.0 = Release|Any CPU
		{2B5F3ACE-F136-408B-A478-DEDEBFE5F6F4}.Release|iPhone.ActiveCfg = Release|Any CPU
		{2B5F3ACE-F136-408B-A478-DEDEBFE5F6F4}.Release|iPhone.Build.0 = Release|Any CPU
		{2B5F3ACE-F136-408B-A478-DEDEBFE5F6F4}.Release|iPhone.Deploy.0 = Release|Any CPU
		{2B5F3ACE-F136-408B-A478-DEDEBFE5F6F4}.Release|iPhoneSimulator.ActiveCfg = Release|Any CPU
		{2B5F3ACE-F136-408B-A478-DEDEBFE5F6F4}.Release|iPhoneSimulator.Build.0 = Release|Any CPU
		{2B5F3ACE-F136-408B-A478-DEDEBFE5F6F4}.Release|iPhoneSimulator.Deploy.0 = Release|Any CPU
	EndGlobalSection
	GlobalSection(SolutionProperties) = preSolution
		HideSolutionNode = FALSE
	EndGlobalSection
	GlobalSection(ExtensibilityGlobals) = postSolution
		SolutionGuid = {9D379BDB-8136-441B-A65E-282F1D9BE72B}
	EndGlobalSection
EndGlobal
